
Microsoft Visual Studio Solution File, Format Version 12.00
# Visual Studio Version 17
VisualStudioVersion = 17.8.34309.116
MinimumVisualStudioVersion = 10.0.40219.1
Project("{FAE04EC0-301F-11D3-BF4B-00C04F79EFBC}") = "GameDevAgency", "GameDevAgency\GameDevAgency.csproj", "{31E97B6E-657A-4AE5-9BB5-CCCD08583159}"
EndProject
Global
	GlobalSection(SolutionConfigurationPlatforms) = preSolution
		Debug|Any CPU = Debug|Any CPU
		Release|Any CPU = Release|Any CPU
	EndGlobalSection
	GlobalSection(ProjectConfigurationPlatforms) = postSolution
		{31E97B6E-657A-4AE5-9BB5-CCCD08583159}.Debug|Any CPU.ActiveCfg = Debug|Any CPU
		{31E97B6E-657A-4AE5-9BB5-CCCD08583159}.Debug|Any CPU.Build.0 = Debug|Any CPU
		{31E97B6E-657A-4AE5-9BB5-CCCD08583159}.Release|Any CPU.ActiveCfg = Release|Any CPU
		{31E97B6E-657A-4AE5-9BB5-CCCD08583159}.Release|Any CPU.Build.0 = Release|Any CPU
	EndGlobalSection
	GlobalSection(SolutionProperties) = preSolution
		HideSolutionNode = FALSE
	EndGlobalSection
	GlobalSection(ExtensibilityGlobals) = postSolution
		SolutionGuid = {AD8162C1-21C4-4071-823C-53B693B1A693}
	EndGlobalSection
EndGlobal
